github.com/hugomods/code-block-panel v0.7.1 h1:WP3xzQC++Bh5SiSke0csO0H1O4G6VejwdPazHD9DY5o=
github.com/hugomods/code-block-panel v0.7.1/go.mod h1:3J9yUxaShbhYvFFZbGVHcBoHPl6TUKLL3f2fTsnVNNg=
github.com/hugomods/icons v0.6.6 h1:gGlafcBDRP7sSID+tgLcWdog+s/QBj8DIfU+h9tZj1U=
github.com/hugomods/icons v0.6.6/go.mod h1:cIkSvK6W0q6N4U6n9KGz+QfRWQXAW0INd+1P31gPNGg=
github.com/hugomods/icons/vendors/bootstrap v0.5.9 h1:IlKsW1iybTNZLYnMipyc2d9w51rUtu89lPMkocGaP6c=
github.com/hugomods/icons/vendors/bootstrap v0.5.9/go.mod h1:DuB5N1o3GCUyvYFnEeBvJRBrCHqbMWEbjoEWVLULggw=
github.com/hugomods/images v0.11.2 h1:d7u3c/ePboeOGx8OI5eUnilpA79YvD7KJjUgqVMR83Y=
github.com/hugomods/images v0.11.2/go.mod h1:U6Gwj16LKvk66rOMyGFrnF6f0aV8lT89lqOsckOAjYY=
github.com/hugomods/search v0.18.3 h1:ArJTyKNFU4joba+mrrM7EsplxPWbQ/rAE4LCn34D6+o=
github.com/hugomods/search v0.18.3/go.mod h1:xPnDGjP/HCdEWJrJBwwdI2mEtdxFxp+wHBwSl/r2m00=
github.com/hugomods/search-index v0.1.1 h1:jAJ+Gu0nzCq/bbjEeJQcI1gLgqJOn+RHnTf9Sp1go2w=
github.com/hugomods/search-index v0.1.1/go.mod h1:2owtATJ1XxWAvK/trnNoUC1EoBimAtRYVa7F+JO/s9c=
