github.com/hugomods/code-block-panel v0.7.1 h1:WP3xzQC++Bh5SiSke0csO0H1O4G6VejwdPazHD9DY5o=
github.com/hugomods/code-block-panel v0.7.1/go.mod h1:3J9yUxaShbhYvFFZbGVHcBoHPl6TUKLL3f2fTsnVNNg=
github.com/hugomods/icons v0.6.6 h1:gGlafcBDRP7sSID+tgLcWdog+s/QBj8DIfU+h9tZj1U=
github.com/hugomods/icons v0.6.6/go.mod h1:cIkSvK6W0q6N4U6n9KGz+QfRWQXAW0INd+1P31gPNGg=
github.com/hugomods/icons/vendors/bootstrap v0.5.9 h1:IlKsW1iybTNZLYnMipyc2d9w51rUtu89lPMkocGaP6c=
github.com/hugomods/icons/vendors/bootstrap v0.5.9/go.mod h1:DuB5N1o3GCUyvYFnEeBvJRBrCHqbMWEbjoEWVLULggw=
